
Microsoft Visual Studio Solution File, Format Version 12.00
# Visual Studio 15
VisualStudioVersion = 15.0.27703.2000
MinimumVisualStudioVersion = 10.0.40219.1
Project("{FAE04EC0-301F-11D3-BF4B-00C04F79EFBC}") = "ContactsManager", "ContactsManager\ContactsManager.csproj", "{4F973945-5074-4EB5-8565-A59B0E4B7F72}"
EndProject
Project("{FAE04EC0-301F-11D3-BF4B-00C04F79EFBC}") = "ContactManager.buisness", "ConsoleApp1\ContactManager.buisness.csproj", "{303A9EAA-E8C6-47A1-B1C5-524B2F107EB0}"
EndProject
Global
	GlobalSection(SolutionConfigurationPlatforms) = preSolution
		Debug|Any CPU = Debug|Any CPU
		Release|Any CPU = Release|Any CPU
	EndGlobalSection
	GlobalSection(ProjectConfigurationPlatforms) = postSolution
		{4F973945-5074-4EB5-8565-A59B0E4B7F72}.Debug|Any CPU.ActiveCfg = Debug|Any CPU
		{4F973945-5074-4EB5-8565-A59B0E4B7F72}.Debug|Any CPU.Build.0 = Debug|Any CPU
		{4F973945-5074-4EB5-8565-A59B0E4B7F72}.Release|Any CPU.ActiveCfg = Release|Any CPU
		{4F973945-5074-4EB5-8565-A59B0E4B7F72}.Release|Any CPU.Build.0 = Release|Any CPU
		{303A9EAA-E8C6-47A1-B1C5-524B2F107EB0}.Debug|Any CPU.ActiveCfg = Debug|Any CPU
		{303A9EAA-E8C6-47A1-B1C5-524B2F107EB0}.Debug|Any CPU.Build.0 = Debug|Any CPU
		{303A9EAA-E8C6-47A1-B1C5-524B2F107EB0}.Release|Any CPU.ActiveCfg = Release|Any CPU
		{303A9EAA-E8C6-47A1-B1C5-524B2F107EB0}.Release|Any CPU.Build.0 = Release|Any CPU
	EndGlobalSection
	GlobalSection(SolutionProperties) = preSolution
		HideSolutionNode = FALSE
	EndGlobalSection
	GlobalSection(ExtensibilityGlobals) = postSolution
		SolutionGuid = {2A4DC44C-3B37-4F5B-9DFE-B2929BBB7CE6}
	EndGlobalSection
EndGlobal
